
Microsoft Visual Studio Solution File, Format Version 12.00
# Visual Studio 15
VisualStudioVersion = 15.0.28307.489
MinimumVisualStudioVersion = 10.0.40219.1
Project("{FAE04EC0-301F-11D3-BF4B-00C04F79EFBC}") = "FloridaUniversity", "FloridaUniversity\FloridaUniversity.csproj", "{D3733616-3EB0-4C9B-AB14-B1D96751557B}"
EndProject
Global
	GlobalSection(SolutionConfigurationPlatforms) = preSolution
		Debug|Any CPU = Debug|Any CPU
		Release|Any CPU = Release|Any CPU
	EndGlobalSection
	GlobalSection(ProjectConfigurationPlatforms) = postSolution
		{D3733616-3EB0-4C9B-AB14-B1D96751557B}.Debug|Any CPU.ActiveCfg = Debug|Any CPU
		{D3733616-3EB0-4C9B-AB14-B1D96751557B}.Debug|Any CPU.Build.0 = Debug|Any CPU
		{D3733616-3EB0-4C9B-AB14-B1D96751557B}.Release|Any CPU.ActiveCfg = Release|Any CPU
		{D3733616-3EB0-4C9B-AB14-B1D96751557B}.Release|Any CPU.Build.0 = Release|Any CPU
	EndGlobalSection
	GlobalSection(SolutionProperties) = preSolution
		HideSolutionNode = FALSE
	EndGlobalSection
	GlobalSection(ExtensibilityGlobals) = postSolution
		SolutionGuid = {052971AB-7576-42F7-9190-BE0DB1A25618}
	EndGlobalSection
EndGlobal
