
Microsoft Visual Studio Solution File, Format Version 12.00
# Visual Studio 15
VisualStudioVersion = 15.0.28307.489
MinimumVisualStudioVersion = 10.0.40219.1
Project("{FAE04EC0-301F-11D3-BF4B-00C04F79EFBC}") = "MVCMovie", "MVCMovie\MVCMovie.csproj", "{8CE8B69F-F556-4891-A19A-EE222371DC08}"
EndProject
Global
	GlobalSection(SolutionConfigurationPlatforms) = preSolution
		Debug|Any CPU = Debug|Any CPU
		Release|Any CPU = Release|Any CPU
	EndGlobalSection
	GlobalSection(ProjectConfigurationPlatforms) = postSolution
		{8CE8B69F-F556-4891-A19A-EE222371DC08}.Debug|Any CPU.ActiveCfg = Debug|Any CPU
		{8CE8B69F-F556-4891-A19A-EE222371DC08}.Debug|Any CPU.Build.0 = Debug|Any CPU
		{8CE8B69F-F556-4891-A19A-EE222371DC08}.Release|Any CPU.ActiveCfg = Release|Any CPU
		{8CE8B69F-F556-4891-A19A-EE222371DC08}.Release|Any CPU.Build.0 = Release|Any CPU
	EndGlobalSection
	GlobalSection(SolutionProperties) = preSolution
		HideSolutionNode = FALSE
	EndGlobalSection
	GlobalSection(ExtensibilityGlobals) = postSolution
		SolutionGuid = {DC815448-E1FF-42F0-99BC-BAB9C699C451}
	EndGlobalSection
EndGlobal
