
Microsoft Visual Studio Solution File, Format Version 12.00
# Visual Studio 15
VisualStudioVersion = 15.0.28307.572
MinimumVisualStudioVersion = 10.0.40219.1
Project("{FAE04EC0-301F-11D3-BF4B-00C04F79EFBC}") = "VisaTrackingSystem", "VisaTrackingSystem\VisaTrackingSystem.csproj", "{625DA31A-7364-41FE-825D-E79BF7BF85AA}"
EndProject
Global
	GlobalSection(SolutionConfigurationPlatforms) = preSolution
		Debug|Any CPU = Debug|Any CPU
		Release|Any CPU = Release|Any CPU
	EndGlobalSection
	GlobalSection(ProjectConfigurationPlatforms) = postSolution
		{625DA31A-7364-41FE-825D-E79BF7BF85AA}.Debug|Any CPU.ActiveCfg = Debug|Any CPU
		{625DA31A-7364-41FE-825D-E79BF7BF85AA}.Debug|Any CPU.Build.0 = Debug|Any CPU
		{625DA31A-7364-41FE-825D-E79BF7BF85AA}.Release|Any CPU.ActiveCfg = Release|Any CPU
		{625DA31A-7364-41FE-825D-E79BF7BF85AA}.Release|Any CPU.Build.0 = Release|Any CPU
	EndGlobalSection
	GlobalSection(SolutionProperties) = preSolution
		HideSolutionNode = FALSE
	EndGlobalSection
	GlobalSection(ExtensibilityGlobals) = postSolution
		SolutionGuid = {A254319F-7CE0-4B38-BD8C-A52866450EA9}
	EndGlobalSection
EndGlobal
